
Microsoft Visual Studio Solution File, Format Version 12.00
# Visual Studio 15
VisualStudioVersion = 15.0.28307.168
MinimumVisualStudioVersion = 10.0.40219.1
Project("{9A19103F-16F7-4668-BE54-9A1E7A4F7556}") = "TestSample", "TestSample.csproj", "{28FF82CF-2610-41C8-993B-159BB0BE59DF}"
EndProject
Global
	GlobalSection(SolutionConfigurationPlatforms) = preSolution
		Debug|Any CPU = Debug|Any CPU
		Release|Any CPU = Release|Any CPU
	EndGlobalSection
	GlobalSection(ProjectConfigurationPlatforms) = postSolution
		{28FF82CF-2610-41C8-993B-159BB0BE59DF}.Debug|Any CPU.ActiveCfg = Debug|Any CPU
		{28FF82CF-2610-41C8-993B-159BB0BE59DF}.Debug|Any CPU.Build.0 = Debug|Any CPU
		{28FF82CF-2610-41C8-993B-159BB0BE59DF}.Release|Any CPU.ActiveCfg = Release|Any CPU
		{28FF82CF-2610-41C8-993B-159BB0BE59DF}.Release|Any CPU.Build.0 = Release|Any CPU
	EndGlobalSection
	GlobalSection(SolutionProperties) = preSolution
		HideSolutionNode = FALSE
	EndGlobalSection
	GlobalSection(ExtensibilityGlobals) = postSolution
		SolutionGuid = {F4FAD184-E5A1-4A97-A41F-CD1B3FFDDD30}
	EndGlobalSection
EndGlobal
